# THIS IS AN AUTOGENERATED FILE. DO NOT EDIT THIS FILE DIRECTLY.
# yarn lockfile v1


"@cspotcode/source-map-support@^0.8.0":
  "integrity" "sha512-IchNf6dN4tHoMFIn/7OE8LWZ19Y6q/67Bmf6vnGREv8RSbBVb9LPJxEcnwrcwX6ixSvaiGoomAUvu4YSxXrVgw=="
  "resolved" "https://registry.npmjs.org/@cspotcode/source-map-support/-/source-map-support-0.8.1.tgz"
  "version" "0.8.1"
  dependencies:
    "@jridgewell/trace-mapping" "0.3.9"

"@discordjs/builders@^0.13.0":
  "integrity" "sha512-4L9y26KRNNU8Y7J78SRUN1Uhava9D8jfit/YqEaKi8gQRc7PdqKqk2poybo6RXaiyt/BgKYPfcjxT7WvzGfYCA=="
  "resolved" "https://registry.npmjs.org/@discordjs/builders/-/builders-0.13.0.tgz"
  "version" "0.13.0"
  dependencies:
    "@sapphire/shapeshift" "^2.0.0"
    "@sindresorhus/is" "^4.6.0"
    "discord-api-types" "^0.31.1"
    "fast-deep-equal" "^3.1.3"
    "ts-mixer" "^6.0.1"
    "tslib" "^2.3.1"

"@discordjs/collection@^0.6.0":
  "integrity" "sha512-Ieaetb36l0nmAS5X9Upqk4W7euAO6FdXPxn3I8vBAKEcoIzEZI1mcVcPfCfagGJZSgBKpENnAnKkP4GAn+MV8w=="
  "resolved" "https://registry.npmjs.org/@discordjs/collection/-/collection-0.6.0.tgz"
  "version" "0.6.0"

"@jridgewell/resolve-uri@^3.0.3":
  "integrity" "sha512-8cXDaBBHOr2pQ7j77Y6Vp5VDT2sIqWyWQ56TjEq4ih/a4iST3dItRe8Q9fp0rrIl9DoKhWQtUQz/YpOxLkXbNA=="
  "resolved" "https://registry.npmjs.org/@jridgewell/resolve-uri/-/resolve-uri-3.0.7.tgz"
  "version" "3.0.7"

"@jridgewell/sourcemap-codec@^1.4.10":
  "integrity" "sha512-GryiOJmNcWbovBxTfZSF71V/mXbgcV3MewDe3kIMCLyIh5e7SKAeUZs+rMnJ8jkMolZ/4/VsdBmMrw3l+VdZ3w=="
  "resolved" "https://registry.npmjs.org/@jridgewell/sourcemap-codec/-/sourcemap-codec-1.4.13.tgz"
  "version" "1.4.13"

"@jridgewell/trace-mapping@0.3.9":
  "integrity" "sha512-3Belt6tdc8bPgAtbcmdtNJlirVoTmEb5e2gC94PnkwEW9jI6CAHUeoG85tjWP5WquqfavoMtMwiG4P926ZKKuQ=="
  "resolved" "https://registry.npmjs.org/@jridgewell/trace-mapping/-/trace-mapping-0.3.9.tgz"
  "version" "0.3.9"
  dependencies:
    "@jridgewell/resolve-uri" "^3.0.3"
    "@jridgewell/sourcemap-codec" "^1.4.10"

"@mapbox/node-pre-gyp@^1.0.0":
  "integrity" "sha512-aDF3S3rK9Q2gey/WAttUlISduDItz5BU3306M9Eyv6/oS40aMprnopshtlKTykxRNIBEZuRMaZAnbrQ4QtKGyw=="
  "resolved" "https://registry.npmjs.org/@mapbox/node-pre-gyp/-/node-pre-gyp-1.0.9.tgz"
  "version" "1.0.9"
  dependencies:
    "detect-libc" "^2.0.0"
    "https-proxy-agent" "^5.0.0"
    "make-dir" "^3.1.0"
    "node-fetch" "^2.6.7"
    "nopt" "^5.0.0"
    "npmlog" "^5.0.1"
    "rimraf" "^3.0.2"
    "semver" "^7.3.5"
    "tar" "^6.1.11"

"@sapphire/async-queue@^1.3.1":
  "integrity" "sha512-FFTlPOWZX1kDj9xCAsRzH5xEJfawg1lNoYAA+ecOWJMHOfiZYb1uXOI3ne9U4UILSEPwfE68p3T9wUHwIQfR0g=="
  "resolved" "https://registry.npmjs.org/@sapphire/async-queue/-/async-queue-1.3.1.tgz"
  "version" "1.3.1"

"@sapphire/shapeshift@^2.0.0":
  "integrity" "sha512-UEnKgMlQyI0yY/q+lCMX0VJft9y86IsesgbIQj6e62FBYSaMVr+IaMNpi4z45Q14VnuMACbK0yrbHISNqgUYcQ=="
  "resolved" "https://registry.npmjs.org/@sapphire/shapeshift/-/shapeshift-2.2.0.tgz"
  "version" "2.2.0"

"@sindresorhus/is@^4.6.0":
  "integrity" "sha512-t09vSN3MdfsyCHoFcTRCH/iUtG7OJ0CsjzB8cjAmKc/va/kIgeDI/TxsigdncE/4be734m0cvIYwNaV4i2XqAw=="
  "resolved" "https://registry.npmjs.org/@sindresorhus/is/-/is-4.6.0.tgz"
  "version" "4.6.0"

"@tsconfig/node10@^1.0.7":
  "integrity" "sha512-6XFfSQmMgq0CFLY1MslA/CPUfhIL919M1rMsa5lP2P097N2Wd1sSX0tx1u4olM16fLNhtHZpRhedZJphNJqmZg=="
  "resolved" "https://registry.npmjs.org/@tsconfig/node10/-/node10-1.0.8.tgz"
  "version" "1.0.8"

"@tsconfig/node12@^1.0.7":
  "integrity" "sha512-/yBMcem+fbvhSREH+s14YJi18sp7J9jpuhYByADT2rypfajMZZN4WQ6zBGgBKp53NKmqI36wFYDb3yaMPurITw=="
  "resolved" "https://registry.npmjs.org/@tsconfig/node12/-/node12-1.0.9.tgz"
  "version" "1.0.9"

"@tsconfig/node14@^1.0.0":
  "integrity" "sha512-509r2+yARFfHHE7T6Puu2jjkoycftovhXRqW328PDXTVGKihlb1P8Z9mMZH04ebyajfRY7dedfGynlrFHJUQCg=="
  "resolved" "https://registry.npmjs.org/@tsconfig/node14/-/node14-1.0.1.tgz"
  "version" "1.0.1"

"@tsconfig/node16@^1.0.2":
  "integrity" "sha512-eZxlbI8GZscaGS7kkc/trHTT5xgrjH3/1n2JDwusC9iahPKWMRvRjJSAN5mCXviuTGQ/lHnhvv8Q1YTpnfz9gA=="
  "resolved" "https://registry.npmjs.org/@tsconfig/node16/-/node16-1.0.2.tgz"
  "version" "1.0.2"

"@types/node-fetch@^2.6.1":
  "integrity" "sha512-oMqjURCaxoSIsHSr1E47QHzbmzNR5rK8McHuNb11BOM9cHcIK3Avy0s/b2JlXHoQGTYS3NsvWzV1M0iK7l0wbA=="
  "resolved" "https://registry.npmjs.org/@types/node-fetch/-/node-fetch-2.6.1.tgz"
  "version" "2.6.1"
  dependencies:
    "@types/node" "*"
    "form-data" "^3.0.0"

"@types/node@*", "@types/node@^17.0.35":
  "integrity" "sha512-vu1SrqBjbbZ3J6vwY17jBs8Sr/BKA+/a/WtjRG+whKg1iuLFOosq872EXS0eXWILdO36DHQQeku/ZcL6hz2fpg=="
  "resolved" "https://registry.npmjs.org/@types/node/-/node-17.0.35.tgz"
  "version" "17.0.35"

"@types/ws@^8.5.3":
  "integrity" "sha512-6YOoWjruKj1uLf3INHH7D3qTXwFfEsg1kf3c0uDdSBJwfa/llkwIjrAGV7j7mVgGNbzTQ3HiHKKDXl6bJPD97w=="
  "resolved" "https://registry.npmjs.org/@types/ws/-/ws-8.5.3.tgz"
  "version" "8.5.3"
  dependencies:
    "@types/node" "*"

"abbrev@1":
  "integrity" "sha512-nne9/IiQ/hzIhY6pdDnbBtz7DjPTKrY00P/zvPSm5pOFkl6xuGrGnXn/VtTNNfNtAfZ9/1RtehkszU9qcTii0Q=="
  "resolved" "https://registry.npmjs.org/abbrev/-/abbrev-1.1.1.tgz"
  "version" "1.1.1"

"acorn-walk@^8.1.1":
  "integrity" "sha512-k+iyHEuPgSw6SbuDpGQM+06HQUa04DZ3o+F6CSzXMvvI5KMvnaEqXe+YVe555R9nn6GPt404fos4wcgpw12SDA=="
  "resolved" "https://registry.npmjs.org/acorn-walk/-/acorn-walk-8.2.0.tgz"
  "version" "8.2.0"

"acorn@^8.4.1":
  "integrity" "sha512-Xx54uLJQZ19lKygFXOWsscKUbsBZW0CPykPhVQdhIeIwrbPmJzqeASDInc8nKBnp/JT6igTs82qPXz069H8I/A=="
  "resolved" "https://registry.npmjs.org/acorn/-/acorn-8.7.1.tgz"
  "version" "8.7.1"

"agent-base@6":
  "integrity" "sha512-RZNwNclF7+MS/8bDg70amg32dyeZGZxiDuQmZxKLAlQjr3jGyLx+4Kkk58UO7D2QdgFIQCovuSuZESne6RG6XQ=="
  "resolved" "https://registry.npmjs.org/agent-base/-/agent-base-6.0.2.tgz"
  "version" "6.0.2"
  dependencies:
    "debug" "4"

"ansi-regex@^5.0.1":
  "integrity" "sha512-quJQXlTSUGL2LH9SUXo8VwsY4soanhgo6LNSm84E1LBcE8s3O0wpdiRzyR9z/ZZJMlMWv37qOOb9pdJlMUEKFQ=="
  "resolved" "https://registry.npmjs.org/ansi-regex/-/ansi-regex-5.0.1.tgz"
  "version" "5.0.1"

"aproba@^1.0.3 || ^2.0.0":
  "integrity" "sha512-lYe4Gx7QT+MKGbDsA+Z+he/Wtef0BiwDOlK/XkBrdfsh9J/jPPXbX0tE9x9cl27Tmu5gg3QUbUrQYa/y+KOHPQ=="
  "resolved" "https://registry.npmjs.org/aproba/-/aproba-2.0.0.tgz"
  "version" "2.0.0"

"are-we-there-yet@^2.0.0":
  "integrity" "sha512-Ci/qENmwHnsYo9xKIcUJN5LeDKdJ6R1Z1j9V/J5wyq8nh/mYPEpIKJbBZXtZjG04HiK7zV/p6Vs9952MrMeUIw=="
  "resolved" "https://registry.npmjs.org/are-we-there-yet/-/are-we-there-yet-2.0.0.tgz"
  "version" "2.0.0"
  dependencies:
    "delegates" "^1.0.0"
    "readable-stream" "^3.6.0"

"arg@^4.1.0":
  "integrity" "sha512-58S9QDqG0Xx27YwPSt9fJxivjYl432YCwfDMfZ+71RAqUrZef7LrKQZ3LHLOwCS4FLNBplP533Zx895SeOCHvA=="
  "resolved" "https://registry.npmjs.org/arg/-/arg-4.1.3.tgz"
  "version" "4.1.3"

"ascii-art-ansi@^1.1.0", "ascii-art-ansi@^1.1.1", "ascii-art-ansi@^1.4.0", "ascii-art-ansi@^1.4.1", "ascii-art-ansi@1.4.1":
  "integrity" "sha512-qdeTC8EbTAinqFIEW09KXP/m8dxhGak7Adh84CyCXLE5mzewRN608uUICRnzc0AtF5kYcMAhDPDWHI3J1thprA=="
  "resolved" "https://registry.npmjs.org/ascii-art-ansi/-/ascii-art-ansi-1.4.1.tgz"
  "version" "1.4.1"
  dependencies:
    "color" "^3.1.3"
    "color-difference" "^0.3.4"
    "maplex" "*"

"ascii-art-braille@0.0.2":
  "integrity" "sha512-o/7mG8eKS641MhAnl8Eg2MEVs62+PPGFUyEQ3CW+SCnrFJH+V6ouTM88rpKZJo+lsNSlPtDZcsUOEw+nnVW2pQ=="
  "resolved" "https://registry.npmjs.org/ascii-art-braille/-/ascii-art-braille-0.0.2.tgz"
  "version" "0.0.2"

"ascii-art-braille@0.1.0":
  "integrity" "sha512-PpouE0W7JwW2ybzBTz5t3AaglRHvzC4nDpmI9Zri3fbfDegKRRtZBwRVdsLPf6ij0ACa3Yqq06E4D/EDi8RF5w=="
  "resolved" "https://registry.npmjs.org/ascii-art-braille/-/ascii-art-braille-0.1.0.tgz"
  "version" "0.1.0"

"ascii-art-font@1.0.2":
  "integrity" "sha512-0hMSwoO1qk8u8IkFMxycqZxwi3SgzRzGQzqzv8RGaMmst4fVgerUTobEiJHZIRcLLrUvKa2DHMWqWKMTJG3QsQ=="
  "resolved" "https://registry.npmjs.org/ascii-art-font/-/ascii-art-font-1.0.2.tgz"
  "version" "1.0.2"

"ascii-art-graph@0.5.0":
  "integrity" "sha512-7q7bc/3ZfXkgbgqHDbkIlYCVHEDvY/Fy+8kkfSET5VQIwYorqBtV7T/60CVew27MteK5pIdWdjEDHZ1j4DKgcw=="
  "resolved" "https://registry.npmjs.org/ascii-art-graph/-/ascii-art-graph-0.5.0.tgz"
  "version" "0.5.0"
  dependencies:
    "ascii-art-ansi" "^1.4.1"
    "ascii-art-braille" "0.0.2"
    "async-arrays" "^1.0.1"
    "d3" "^5.14.2"
    "json2csv" "^4.5.4"

"ascii-art-image@1.4.0":
  "integrity" "sha512-NF3i/Jp3eLVHACSvYkXizFJ61sRJ37E4zuEBwU0J2ARjMV9GBGyQf/Ofji1zEYUjuL1pD/qeg9CeyNaa+z2RIg=="
  "resolved" "https://registry.npmjs.org/ascii-art-image/-/ascii-art-image-1.4.0.tgz"
  "version" "1.4.0"
  dependencies:
    "ascii-art-braille" "0.1.0"
    "canvas" "^2.6.0"

"ascii-art-table@1.0.1":
  "integrity" "sha512-6sAn6nDppj/bUjgW5p7t6tAtx2RV+8DJzso626dLeVLUR43DTCwZUuQ8PiDEWggnYnqt2VUoT2rtTK6vc3MIzg=="
  "resolved" "https://registry.npmjs.org/ascii-art-table/-/ascii-art-table-1.0.1.tgz"
  "version" "1.0.1"
  dependencies:
    "ascii-art-ansi" "^1.1.0"

"ascii-art-utf@0.0.1":
  "integrity" "sha512-jpD2A7STc5THKfEV5A/CMNEanoMC5IBZ8D3oVIR2rCt/pj4tFZsLiAf4e7mcRLs1UaovN3d6kDQCEythMcxchg=="
  "resolved" "https://registry.npmjs.org/ascii-art-utf/-/ascii-art-utf-0.0.1.tgz"
  "version" "0.0.1"
  dependencies:
    "ascii-art-ansi" "^1.1.1"

"ascii-art@^2.8.5":
  "integrity" "sha512-pdCKIDmPCkeE2mOhEsgI4gAD1MXM4lbhjRXJ1ira6pM/7fEgId6FuC/rTcJKl6UugjAeRlMnQeLrEHNUTLdoUA=="
  "resolved" "https://registry.npmjs.org/ascii-art/-/ascii-art-2.8.5.tgz"
  "version" "2.8.5"
  dependencies:
    "ascii-art-ansi" "1.4.1"
    "ascii-art-font" "1.0.2"
    "ascii-art-graph" "0.5.0"
    "ascii-art-image" "1.4.0"
    "ascii-art-table" "1.0.1"
    "ascii-art-utf" "0.0.1"
    "dirname-shim" "1.0.0"
    "strangler" "^1.1.2"
  optionalDependencies:
    "canvas" "^2.6.0"
    "jsftp" "2.1.3"

"async-arrays@^1.0.1":
  "integrity" "sha512-xFwLhssoi8Mlh5fSMIZYN4gExh55ivy3wvdkOL25pjkDpEVx5MFyIc4yOzhNS7FEeBVnNEN3cOpW007LDXYM4w=="
  "resolved" "https://registry.npmjs.org/async-arrays/-/async-arrays-1.0.1.tgz"
  "version" "1.0.1"
  dependencies:
    "sift" "*"

"async@^2.6.2":
  "integrity" "sha512-mzo5dfJYwAn29PeiJ0zvwTo04zj8HDJj0Mn8TD7sno7q12prdbnasKJHhkm2c1LgrhlJ0teaea8860oxi51mGA=="
  "resolved" "https://registry.npmjs.org/async/-/async-2.6.4.tgz"
  "version" "2.6.4"
  dependencies:
    "lodash" "^4.17.14"

"asynckit@^0.4.0":
  "integrity" "sha512-Oei9OH4tRh0YqU3GxhX79dM/mwVgvbZJaSNaRk+bshkj0S5cfHcgYakreBjrHwatXKbz+IoIdYLxrKim2MjW0Q=="
  "resolved" "https://registry.npmjs.org/asynckit/-/asynckit-0.4.0.tgz"
  "version" "0.4.0"

"balanced-match@^1.0.0":
  "integrity" "sha512-3oSeUO0TMV67hN1AmbXsK4yaqU7tjiHlbxRDZOpH0KW9+CeX4bRAaX0Anxt0tx2MrpRpWwQaPwIlISEJhYU5Pw=="
  "resolved" "https://registry.npmjs.org/balanced-match/-/balanced-match-1.0.2.tgz"
  "version" "1.0.2"

"brace-expansion@^1.1.7":
  "integrity" "sha512-iCuPHDFgrHX7H2vEI/5xpz07zSHB00TpugqhmYtVmMO6518mCuRMoOYFldEBl0g187ufozdaHgWKcYFb61qGiA=="
  "resolved" "https://registry.npmjs.org/brace-expansion/-/brace-expansion-1.1.11.tgz"
  "version" "1.1.11"
  dependencies:
    "balanced-match" "^1.0.0"
    "concat-map" "0.0.1"

"brace-expansion@^2.0.1":
  "integrity" "sha512-XnAIvQ8eM+kC6aULx6wuQiwVsnzsi9d3WxzV3FpWTGA19F621kwdbsAcFKXgKUHZWsy+mY6iL1sHTxWEFCytDA=="
  "resolved" "https://registry.npmjs.org/brace-expansion/-/brace-expansion-2.0.1.tgz"
  "version" "2.0.1"
  dependencies:
    "balanced-match" "^1.0.0"

"canvas@^2.6.0":
  "integrity" "sha512-vSQti1uG/2gjv3x6QLOZw7TctfufaerTWbVe+NSduHxxLGB+qf3kFgQ6n66DSnuoINtVUjrLLIK2R+lxrBG07A=="
  "resolved" "https://registry.npmjs.org/canvas/-/canvas-2.9.1.tgz"
  "version" "2.9.1"
  dependencies:
    "@mapbox/node-pre-gyp" "^1.0.0"
    "nan" "^2.15.0"
    "simple-get" "^3.0.3"

"chownr@^2.0.0":
  "integrity" "sha512-bIomtDF5KGpdogkLd9VspvFzk9KfpyyGlS8YFVZl7TGPBHL5snIOnxeshwVgPteQ9b4Eydl+pVbIyE1DcvCWgQ=="
  "resolved" "https://registry.npmjs.org/chownr/-/chownr-2.0.0.tgz"
  "version" "2.0.0"

"cli@^0.4.5":
  "integrity" "sha512-dbn5HyeJWSOU58RwOEiF1VWrl7HRvDsKLpu0uiI/vExH6iNoyUzjB5Mr3IJY5DVUfnbpe9793xw4DFJVzC9nWQ=="
  "resolved" "https://registry.npmjs.org/cli/-/cli-0.4.5.tgz"
  "version" "0.4.5"
  dependencies:
    "glob" ">= 3.1.4"

"color-convert@^1.9.3":
  "integrity" "sha512-QfAUtd+vFdAtFQcC8CCyYt1fYWxSqAiK2cSD6zDB8N3cpsEBAvRxp9zOGg6G/SHHJYAT88/az/IuDGALsNVbGg=="
  "resolved" "https://registry.npmjs.org/color-convert/-/color-convert-1.9.3.tgz"
  "version" "1.9.3"
  dependencies:
    "color-name" "1.1.3"

"color-difference@^0.3.4":
  "integrity" "sha512-CTeNmeaBY/YbaNnIWu2Q3Zte2ki0TPB2Ltl/Ypih2rxA/xTQVNbIlAeweKuj7+d0H1nnCi0HC/jMEPh8ADFfXA=="
  "resolved" "https://registry.npmjs.org/color-difference/-/color-difference-0.3.4.tgz"
  "version" "0.3.4"
  dependencies:
    "cli" "^0.4.5"
    "color-model" "^0.2.0"

"color-model@^0.2.0":
  "integrity" "sha512-J0p5PYxm23AJqPkGLSSoJUGxqEeI77c+XUKJbG0btT196kqahJg5Jm/mW7V8pFFKHsASBh4Xn8Rp4JId+EQ2eg=="
  "resolved" "https://registry.npmjs.org/color-model/-/color-model-0.2.2.tgz"
  "version" "0.2.2"

"color-name@^1.0.0", "color-name@1.1.3":
  "integrity" "sha512-72fSenhMw2HZMTVHeCA9KCmpEIbzWiQsjN+BHcBbS9vr1mtt+vJjPdksIBNUmKAW8TFUDPJK5SUU3QhE9NEXDw=="
  "resolved" "https://registry.npmjs.org/color-name/-/color-name-1.1.3.tgz"
  "version" "1.1.3"

"color-string@^1.6.0":
  "integrity" "sha512-shrVawQFojnZv6xM40anx4CkoDP+fZsw/ZerEMsW/pyzsRbElpsL/DBVW7q3ExxwusdNXI3lXpuhEZkzs8p5Eg=="
  "resolved" "https://registry.npmjs.org/color-string/-/color-string-1.9.1.tgz"
  "version" "1.9.1"
  dependencies:
    "color-name" "^1.0.0"
    "simple-swizzle" "^0.2.2"

"color-support@^1.1.2":
  "integrity" "sha512-qiBjkpbMLO/HL68y+lh4q0/O1MZFj2RX6X/KmMa3+gJD3z+WwI1ZzDHysvqHGS3mP6mznPckpXmw1nI9cJjyRg=="
  "resolved" "https://registry.npmjs.org/color-support/-/color-support-1.1.3.tgz"
  "version" "1.1.3"

"color@^3.1.3":
  "integrity" "sha512-aBl7dZI9ENN6fUGC7mWpMTPNHmWUSNan9tuWN6ahh5ZLNk9baLJOnSMlrQkHcrfFgz2/RigjUVAjdx36VcemKA=="
  "resolved" "https://registry.npmjs.org/color/-/color-3.2.1.tgz"
  "version" "3.2.1"
  dependencies:
    "color-convert" "^1.9.3"
    "color-string" "^1.6.0"

"combined-stream@^1.0.8":
  "integrity" "sha512-FQN4MRfuJeHf7cBbBMJFXhKSDq+2kAArBlmRBvcvFE5BB1HZKXtSFASDhdlz9zOYwxh8lDdnvmMOe/+5cdoEdg=="
  "resolved" "https://registry.npmjs.org/combined-stream/-/combined-stream-1.0.8.tgz"
  "version" "1.0.8"
  dependencies:
    "delayed-stream" "~1.0.0"

"commander@^2.15.1", "commander@2":
  "integrity" "sha512-GpVkmM8vF2vQUkj2LvZmD35JxeJOLCwJ9cUkugyk2nuhbv3+mJvpLYYt+0+USMxE+oj+ey/lJEnhZw75x/OMcQ=="
  "resolved" "https://registry.npmjs.org/commander/-/commander-2.20.3.tgz"
  "version" "2.20.3"

"concat-map@0.0.1":
  "integrity" "sha512-/Srv4dswyQNBfohGpz9o6Yb3Gz3SrUDqBH5rTuhGR7ahtlbYKnVxw2bCFMRljaA7EXHaXZ8wsHdodFvbkhKmqg=="
  "resolved" "https://registry.npmjs.org/concat-map/-/concat-map-0.0.1.tgz"
  "version" "0.0.1"

"console-control-strings@^1.0.0", "console-control-strings@^1.1.0":
  "integrity" "sha512-ty/fTekppD2fIwRvnZAVdeOiGd1c7YXEixbgJTNzqcxJWKQnjJ/V1bNEEE6hygpM3WjwHFUVK6HTjWSzV4a8sQ=="
  "resolved" "https://registry.npmjs.org/console-control-strings/-/console-control-strings-1.1.0.tgz"
  "version" "1.1.0"

"core-util-is@~1.0.0":
  "integrity" "sha512-ZQBvi1DcpJ4GDqanjucZ2Hj3wEO5pZDS89BWbkcrvdxksJorwUDDZamX9ldFkp9aw2lmBDLgkObEA4DWNJ9FYQ=="
  "resolved" "https://registry.npmjs.org/core-util-is/-/core-util-is-1.0.3.tgz"
  "version" "1.0.3"

"create-require@^1.1.0":
  "integrity" "sha512-dcKFX3jn0MpIaXjisoRvexIJVEKzaq7z2rZKxf+MSr9TkdmHmsU4m2lcLojrj/FHl8mk5VxMmYA+ftRkP/3oKQ=="
  "resolved" "https://registry.npmjs.org/create-require/-/create-require-1.1.1.tgz"
  "version" "1.1.1"

"d3-array@^1.1.1", "d3-array@^1.2.0", "d3-array@1":
  "integrity" "sha512-KHW6M86R+FUPYGb3R5XiYjXPq7VzwxZ22buHhAEVG5ztoEcZZMLov530mmccaqA1GghZArjQV46fuc8kUqhhHw=="
  "resolved" "https://registry.npmjs.org/d3-array/-/d3-array-1.2.4.tgz"
  "version" "1.2.4"

"d3-axis@1":
  "integrity" "sha512-ejINPfPSNdGFKEOAtnBtdkpr24c4d4jsei6Lg98mxf424ivoDP2956/5HDpIAtmHo85lqT4pruy+zEgvRUBqaQ=="
  "resolved" "https://registry.npmjs.org/d3-axis/-/d3-axis-1.0.12.tgz"
  "version" "1.0.12"

"d3-brush@1":
  "integrity" "sha512-7RW+w7HfMCPyZLifTz/UnJmI5kdkXtpCbombUSs8xniAyo0vIbrDzDwUJB6eJOgl9u5DQOt2TQlYumxzD1SvYA=="
  "resolved" "https://registry.npmjs.org/d3-brush/-/d3-brush-1.1.6.tgz"
  "version" "1.1.6"
  dependencies:
    "d3-dispatch" "1"
    "d3-drag" "1"
    "d3-interpolate" "1"
    "d3-selection" "1"
    "d3-transition" "1"

"d3-chord@1":
  "integrity" "sha512-JXA2Dro1Fxw9rJe33Uv+Ckr5IrAa74TlfDEhE/jfLOaXegMQFQTAgAw9WnZL8+HxVBRXaRGCkrNU7pJeylRIuA=="
  "resolved" "https://registry.npmjs.org/d3-chord/-/d3-chord-1.0.6.tgz"
  "version" "1.0.6"
  dependencies:
    "d3-array" "1"
    "d3-path" "1"

"d3-collection@1":
  "integrity" "sha512-ii0/r5f4sjKNTfh84Di+DpztYwqKhEyUlKoPrzUFfeSkWxjW49xU2QzO9qrPrNkpdI0XJkfzvmTu8V2Zylln6A=="
  "resolved" "https://registry.npmjs.org/d3-collection/-/d3-collection-1.0.7.tgz"
  "version" "1.0.7"

"d3-color@1":
  "integrity" "sha512-p2sTHSLCJI2QKunbGb7ocOh7DgTAn8IrLx21QRc/BSnodXM4sv6aLQlnfpvehFMLZEfBc6g9pH9SWQccFYfJ9Q=="
  "resolved" "https://registry.npmjs.org/d3-color/-/d3-color-1.4.1.tgz"
  "version" "1.4.1"

"d3-contour@1":
  "integrity" "sha512-hoPp4K/rJCu0ladiH6zmJUEz6+u3lgR+GSm/QdM2BBvDraU39Vr7YdDCicJcxP1z8i9B/2dJLgDC1NcvlF8WCg=="
  "resolved" "https://registry.npmjs.org/d3-contour/-/d3-contour-1.3.2.tgz"
  "version" "1.3.2"
  dependencies:
    "d3-array" "^1.1.1"

"d3-dispatch@1":
  "integrity" "sha512-fVjoElzjhCEy+Hbn8KygnmMS7Or0a9sI2UzGwoB7cCtvI1XpVN9GpoYlnb3xt2YV66oXYb1fLJ8GMvP4hdU1RA=="
  "resolved" "https://registry.npmjs.org/d3-dispatch/-/d3-dispatch-1.0.6.tgz"
  "version" "1.0.6"

"d3-drag@1":
  "integrity" "sha512-rD1ohlkKQwMZYkQlYVCrSFxsWPzI97+W+PaEIBNTMxRuxz9RF0Hi5nJWHGVJ3Om9d2fRTe1yOBINJyy/ahV95w=="
  "resolved" "https://registry.npmjs.org/d3-drag/-/d3-drag-1.2.5.tgz"
  "version" "1.2.5"
  dependencies:
    "d3-dispatch" "1"
    "d3-selection" "1"

"d3-dsv@1":
  "integrity" "sha512-9yVlqvZcSOMhCYzniHE7EVUws7Fa1zgw+/EAV2BxJoG3ME19V6BQFBwI855XQDsxyOuG7NibqRMTtiF/Qup46g=="
  "resolved" "https://registry.npmjs.org/d3-dsv/-/d3-dsv-1.2.0.tgz"
  "version" "1.2.0"
  dependencies:
    "commander" "2"
    "iconv-lite" "0.4"
    "rw" "1"

"d3-ease@1":
  "integrity" "sha512-lx14ZPYkhNx0s/2HX5sLFUI3mbasHjSSpwO/KaaNACweVwxUruKyWVcb293wMv1RqTPZyZ8kSZ2NogUZNcLOFQ=="
  "resolved" "https://registry.npmjs.org/d3-ease/-/d3-ease-1.0.7.tgz"
  "version" "1.0.7"

"d3-fetch@1":
  "integrity" "sha512-yC78NBVcd2zFAyR/HnUiBS7Lf6inSCoWcSxFfw8FYL7ydiqe80SazNwoffcqOfs95XaLo7yebsmQqDKSsXUtvA=="
  "resolved" "https://registry.npmjs.org/d3-fetch/-/d3-fetch-1.2.0.tgz"
  "version" "1.2.0"
  dependencies:
    "d3-dsv" "1"

"d3-force@1":
  "integrity" "sha512-HHvehyaiUlVo5CxBJ0yF/xny4xoaxFxDnBXNvNcfW9adORGZfyNF1dj6DGLKyk4Yh3brP/1h3rnDzdIAwL08zg=="
  "resolved" "https://registry.npmjs.org/d3-force/-/d3-force-1.2.1.tgz"
  "version" "1.2.1"
  dependencies:
    "d3-collection" "1"
    "d3-dispatch" "1"
    "d3-quadtree" "1"
    "d3-timer" "1"

"d3-format@1":
  "integrity" "sha512-J0piedu6Z8iB6TbIGfZgDzfXxUFN3qQRMofy2oPdXzQibYGqPB/9iMcxr/TGalU+2RsyDO+U4f33id8tbnSRMQ=="
  "resolved" "https://registry.npmjs.org/d3-format/-/d3-format-1.4.5.tgz"
  "version" "1.4.5"

"d3-geo@1":
  "integrity" "sha512-XG4d1c/UJSEX9NfU02KwBL6BYPj8YKHxgBEw5om2ZnTRSbIcego6dhHwcxuSR3clxh0EpE38os1DVPOmnYtTPg=="
  "resolved" "https://registry.npmjs.org/d3-geo/-/d3-geo-1.12.1.tgz"
  "version" "1.12.1"
  dependencies:
    "d3-array" "1"

"d3-hierarchy@1":
  "integrity" "sha512-j8tPxlqh1srJHAtxfvOUwKNYJkQuBFdM1+JAUfq6xqH5eAqf93L7oG1NVqDa4CpFZNvnNKtCYEUC8KY9yEn9lQ=="
  "resolved" "https://registry.npmjs.org/d3-hierarchy/-/d3-hierarchy-1.1.9.tgz"
  "version" "1.1.9"

"d3-interpolate@1":
  "integrity" "sha512-V9znK0zc3jOPV4VD2zZn0sDhZU3WAE2bmlxdIwwQPPzPjvyLkd8B3JUVdS1IDUFDkWZ72c9qnv1GK2ZagTZ8EA=="
  "resolved" "https://registry.npmjs.org/d3-interpolate/-/d3-interpolate-1.4.0.tgz"
  "version" "1.4.0"
  dependencies:
    "d3-color" "1"

"d3-path@1":
  "integrity" "sha512-VLaYcn81dtHVTjEHd8B+pbe9yHWpXKZUC87PzoFmsFrJqgFwDe/qxfp5MlfsfM1V5E/iVt0MmEbWQ7FVIXh/bg=="
  "resolved" "https://registry.npmjs.org/d3-path/-/d3-path-1.0.9.tgz"
  "version" "1.0.9"

"d3-polygon@1":
  "integrity" "sha512-k+RF7WvI08PC8reEoXa/w2nSg5AUMTi+peBD9cmFc+0ixHfbs4QmxxkarVal1IkVkgxVuk9JSHhJURHiyHKAuQ=="
  "resolved" "https://registry.npmjs.org/d3-polygon/-/d3-polygon-1.0.6.tgz"
  "version" "1.0.6"

"d3-quadtree@1":
  "integrity" "sha512-RKPAeXnkC59IDGD0Wu5mANy0Q2V28L+fNe65pOCXVdVuTJS3WPKaJlFHer32Rbh9gIo9qMuJXio8ra4+YmIymA=="
  "resolved" "https://registry.npmjs.org/d3-quadtree/-/d3-quadtree-1.0.7.tgz"
  "version" "1.0.7"

"d3-random@1":
  "integrity" "sha512-6AK5BNpIFqP+cx/sreKzNjWbwZQCSUatxq+pPRmFIQaWuoD+NrbVWw7YWpHiXpCQ/NanKdtGDuB+VQcZDaEmYQ=="
  "resolved" "https://registry.npmjs.org/d3-random/-/d3-random-1.1.2.tgz"
  "version" "1.1.2"

"d3-scale-chromatic@1":
  "integrity" "sha512-ACcL46DYImpRFMBcpk9HhtIyC7bTBR4fNOPxwVSl0LfulDAwyiHyPOTqcDG1+t5d4P9W7t/2NAuWu59aKko/cg=="
  "resolved" "https://registry.npmjs.org/d3-scale-chromatic/-/d3-scale-chromatic-1.5.0.tgz"
  "version" "1.5.0"
  dependencies:
    "d3-color" "1"
    "d3-interpolate" "1"

"d3-scale@2":
  "integrity" "sha512-LbeEvGgIb8UMcAa0EATLNX0lelKWGYDQiPdHj+gLblGVhGLyNbaCn3EvrJf0A3Y/uOOU5aD6MTh5ZFCdEwGiCw=="
  "resolved" "https://registry.npmjs.org/d3-scale/-/d3-scale-2.2.2.tgz"
  "version" "2.2.2"
  dependencies:
    "d3-array" "^1.2.0"
    "d3-collection" "1"
    "d3-format" "1"
    "d3-interpolate" "1"
    "d3-time" "1"
    "d3-time-format" "2"

"d3-selection@^1.1.0", "d3-selection@1":
  "integrity" "sha512-SJ0BqYihzOjDnnlfyeHT0e30k0K1+5sR3d5fNueCNeuhZTnGw4M4o8mqJchSwgKMXCNFo+e2VTChiSJ0vYtXkg=="
  "resolved" "https://registry.npmjs.org/d3-selection/-/d3-selection-1.4.2.tgz"
  "version" "1.4.2"

"d3-shape@1":
  "integrity" "sha512-EUkvKjqPFUAZyOlhY5gzCxCeI0Aep04LwIRpsZ/mLFelJiUfnK56jo5JMDSE7yyP2kLSb6LtF+S5chMk7uqPqw=="
  "resolved" "https://registry.npmjs.org/d3-shape/-/d3-shape-1.3.7.tgz"
  "version" "1.3.7"
  dependencies:
    "d3-path" "1"

"d3-time-format@2":
  "integrity" "sha512-guv6b2H37s2Uq/GefleCDtbe0XZAuy7Wa49VGkPVPMfLL9qObgBST3lEHJBMUp8S7NdLQAGIvr2KXk8Hc98iKQ=="
  "resolved" "https://registry.npmjs.org/d3-time-format/-/d3-time-format-2.3.0.tgz"
  "version" "2.3.0"
  dependencies:
    "d3-time" "1"

"d3-time@1":
  "integrity" "sha512-Xh0isrZ5rPYYdqhAVk8VLnMEidhz5aP7htAADH6MfzgmmicPkTo8LhkLxci61/lCB7n7UmE3bN0leRt+qvkLxA=="
  "resolved" "https://registry.npmjs.org/d3-time/-/d3-time-1.1.0.tgz"
  "version" "1.1.0"

"d3-timer@1":
  "integrity" "sha512-B1JDm0XDaQC+uvo4DT79H0XmBskgS3l6Ve+1SBCfxgmtIb1AVrPIoqd+nPSv+loMX8szQ0sVUhGngL7D5QPiXw=="
  "resolved" "https://registry.npmjs.org/d3-timer/-/d3-timer-1.0.10.tgz"
  "version" "1.0.10"

"d3-transition@1":
  "integrity" "sha512-sc0gRU4PFqZ47lPVHloMn9tlPcv8jxgOQg+0zjhfZXMQuvppjG6YuwdMBE0TuqCZjeJkLecku/l9R0JPcRhaDA=="
  "resolved" "https://registry.npmjs.org/d3-transition/-/d3-transition-1.3.2.tgz"
  "version" "1.3.2"
  dependencies:
    "d3-color" "1"
    "d3-dispatch" "1"
    "d3-ease" "1"
    "d3-interpolate" "1"
    "d3-selection" "^1.1.0"
    "d3-timer" "1"

"d3-voronoi@1":
  "integrity" "sha512-dArJ32hchFsrQ8uMiTBLq256MpnZjeuBtdHpaDlYuQyjU0CVzCJl/BVW+SkszaAeH95D/8gxqAhgx0ouAWAfRg=="
  "resolved" "https://registry.npmjs.org/d3-voronoi/-/d3-voronoi-1.1.4.tgz"
  "version" "1.1.4"

"d3-zoom@1":
  "integrity" "sha512-VoLXTK4wvy1a0JpH2Il+F2CiOhVu7VRXWF5M/LroMIh3/zBAC3WAt7QoIvPibOavVo20hN6/37vwAsdBejLyKQ=="
  "resolved" "https://registry.npmjs.org/d3-zoom/-/d3-zoom-1.8.3.tgz"
  "version" "1.8.3"
  dependencies:
    "d3-dispatch" "1"
    "d3-drag" "1"
    "d3-interpolate" "1"
    "d3-selection" "1"
    "d3-transition" "1"

"d3@^5.14.2":
  "integrity" "sha512-4PL5hHaHwX4m7Zr1UapXW23apo6pexCgdetdJ5kTmADpG/7T9Gkxw0M0tf/pjoB63ezCCm0u5UaFYy2aMt0Mcw=="
  "resolved" "https://registry.npmjs.org/d3/-/d3-5.16.0.tgz"
  "version" "5.16.0"
  dependencies:
    "d3-array" "1"
    "d3-axis" "1"
    "d3-brush" "1"
    "d3-chord" "1"
    "d3-collection" "1"
    "d3-color" "1"
    "d3-contour" "1"
    "d3-dispatch" "1"
    "d3-drag" "1"
    "d3-dsv" "1"
    "d3-ease" "1"
    "d3-fetch" "1"
    "d3-force" "1"
    "d3-format" "1"
    "d3-geo" "1"
    "d3-hierarchy" "1"
    "d3-interpolate" "1"
    "d3-path" "1"
    "d3-polygon" "1"
    "d3-quadtree" "1"
    "d3-random" "1"
    "d3-scale" "2"
    "d3-scale-chromatic" "1"
    "d3-selection" "1"
    "d3-shape" "1"
    "d3-time" "1"
    "d3-time-format" "2"
    "d3-timer" "1"
    "d3-transition" "1"
    "d3-voronoi" "1"
    "d3-zoom" "1"

"debug@^3.1.0":
  "integrity" "sha512-CFjzYYAi4ThfiQvizrFQevTTXHtnCqWfe7x1AhgEscTz6ZbLbfoLRLPugTQyBth6f8ZERVUSyWHFD/7Wu4t1XQ=="
  "resolved" "https://registry.npmjs.org/debug/-/debug-3.2.7.tgz"
  "version" "3.2.7"
  dependencies:
    "ms" "^2.1.1"

"debug@4":
  "integrity" "sha512-PRWFHuSU3eDtQJPvnNY7Jcket1j0t5OuOsFzPPzsekD52Zl8qUfFIPEiswXqIvHWGVHOgX+7G/vCNNhehwxfkQ=="
  "resolved" "https://registry.npmjs.org/debug/-/debug-4.3.4.tgz"
  "version" "4.3.4"
  dependencies:
    "ms" "2.1.2"

"decompress-response@^4.2.0":
  "integrity" "sha512-jOSne2qbyE+/r8G1VU+G/82LBs2Fs4LAsTiLSHOCOMZQl2OKZ6i8i4IyHemTe+/yIXOtTcRQMzPcgyhoFlqPkw=="
  "resolved" "https://registry.npmjs.org/decompress-response/-/decompress-response-4.2.1.tgz"
  "version" "4.2.1"
  dependencies:
    "mimic-response" "^2.0.0"

"delayed-stream@~1.0.0":
  "integrity" "sha512-ZySD7Nf91aLB0RxL4KGrKHBXl7Eds1DAmEdcoVawXnLD7SDhpNgtuII2aAkg7a7QS41jxPSZ17p4VdGnMHk3MQ=="
  "resolved" "https://registry.npmjs.org/delayed-stream/-/delayed-stream-1.0.0.tgz"
  "version" "1.0.0"

"delegates@^1.0.0":
  "integrity" "sha512-bd2L678uiWATM6m5Z1VzNCErI3jiGzt6HGY8OVICs40JQq/HALfbyNJmp0UDakEY4pMMaN0Ly5om/B1VI/+xfQ=="
  "resolved" "https://registry.npmjs.org/delegates/-/delegates-1.0.0.tgz"
  "version" "1.0.0"

"detect-libc@^2.0.0":
  "integrity" "sha512-463v3ZeIrcWtdgIg6vI6XUncguvr2TnGl4SzDXinkt9mSLpBJKXT3mW6xT3VQdDN11+WVs29pgvivTc4Lp8v+w=="
  "resolved" "https://registry.npmjs.org/detect-libc/-/detect-libc-2.0.1.tgz"
  "version" "2.0.1"

"diff@^4.0.1":
  "integrity" "sha512-58lmxKSA4BNyLz+HHMUzlOEpg09FV+ev6ZMe3vJihgdxzgcwZ8VoEEPmALCZG9LmqfVoNMMKpttIYTVG6uDY7A=="
  "resolved" "https://registry.npmjs.org/diff/-/diff-4.0.2.tgz"
  "version" "4.0.2"

"dirname-shim@1.0.0":
  "integrity" "sha512-eJ3MPPMQ5+vjOo0TRwtq6O8pYJSHKrUv45SgyNznP5SPG1AaJCBagnpx4kPTDus8VFXSwPbwSMarwAEe1CFqpA=="
  "resolved" "https://registry.npmjs.org/dirname-shim/-/dirname-shim-1.0.0.tgz"
  "version" "1.0.0"

"discord-api-types@^0.30.0":
  "integrity" "sha512-wYst0jrT8EJs2tVlwUTQ2xT0oWMjUrRMpFTkNY3NMleWyQNHgWaKhqFfxdLPdC2im9IuR5EsxcEgjhf/npeftw=="
  "resolved" "https://registry.npmjs.org/discord-api-types/-/discord-api-types-0.30.0.tgz"
  "version" "0.30.0"

"discord-api-types@^0.31.1":
  "integrity" "sha512-gpzXTvFVg7AjKVVJFH0oJGC0q0tO34iJGSHZNz9u3aqLxlD6LfxEs9wWVVikJqn9gra940oUTaPFizCkRDcEiA=="
  "resolved" "https://registry.npmjs.org/discord-api-types/-/discord-api-types-0.31.2.tgz"
  "version" "0.31.2"

"discord.js@^13.7.0":
  "integrity" "sha512-iV/An3FEB/CiBGdjWHRtgskM4UuWPq5vjhjKsrQhdVU16dbKrBxA+eIV2HWA07B3tXUGM6eco1wkr42gxxV1BA=="
  "resolved" "https://registry.npmjs.org/discord.js/-/discord.js-13.7.0.tgz"
  "version" "13.7.0"
  dependencies:
    "@discordjs/builders" "^0.13.0"
    "@discordjs/collection" "^0.6.0"
    "@sapphire/async-queue" "^1.3.1"
    "@types/node-fetch" "^2.6.1"
    "@types/ws" "^8.5.3"
    "discord-api-types" "^0.30.0"
    "form-data" "^4.0.0"
    "node-fetch" "^2.6.1"
    "ws" "^8.6.0"

"duplexer@~0.1.1":
  "integrity" "sha512-jtD6YG370ZCIi/9GTaJKQxWTZD045+4R4hTk/x1UyoqadyJ9x9CgSi1RlVDQF8U2sxLLSnFkCaMihqljHIWgMg=="
  "resolved" "https://registry.npmjs.org/duplexer/-/duplexer-0.1.2.tgz"
  "version" "0.1.2"

"emoji-regex@^8.0.0":
  "integrity" "sha512-MSjYzcWNOA0ewAHpz0MxpYFvwg6yjy1NG3xteoqz644VCo/RPgnr1/GGt+ic3iJTzQ8Eu3TdM14SawnVUmGE6A=="
  "resolved" "https://registry.npmjs.org/emoji-regex/-/emoji-regex-8.0.0.tgz"
  "version" "8.0.0"

"extended-emitter@^1.0.2":
  "integrity" "sha512-TakJS3uz0UJcHTyzX7c+5RoH/DUML2icYgmbfoCjBO8Tc66HaOw9FSECDd2RVnGVACriuSentxLU1HUg54nUbA=="
  "resolved" "https://registry.npmjs.org/extended-emitter/-/extended-emitter-1.1.0.tgz"
  "version" "1.1.0"
  dependencies:
    "sift" "*"
    "wolfy87-eventemitter" "*"

"fast-deep-equal@^3.1.3":
  "integrity" "sha512-f3qQ9oQy9j2AhBe/H9VC91wLmKBCCU/gDOnKNAYG5hswO7BLKj09Hc5HYNz9cGI++xlpDCIgDaitVs03ATR84Q=="
  "resolved" "https://registry.npmjs.org/fast-deep-equal/-/fast-deep-equal-3.1.3.tgz"
  "version" "3.1.3"

"form-data@^3.0.0":
  "integrity" "sha512-RHkBKtLWUVwd7SqRIvCZMEvAMoGUp0XU+seQiZejj0COz3RI3hWP4sCv3gZWWLjJTd7rGwcsF5eKZGii0r/hbg=="
  "resolved" "https://registry.npmjs.org/form-data/-/form-data-3.0.1.tgz"
  "version" "3.0.1"
  dependencies:
    "asynckit" "^0.4.0"
    "combined-stream" "^1.0.8"
    "mime-types" "^2.1.12"

"form-data@^4.0.0":
  "integrity" "sha512-ETEklSGi5t0QMZuiXoA/Q6vcnxcLQP5vdugSpuAyi6SVGi2clPPp+xgEhuMaHC+zGgn31Kd235W35f7Hykkaww=="
  "resolved" "https://registry.npmjs.org/form-data/-/form-data-4.0.0.tgz"
  "version" "4.0.0"
  dependencies:
    "asynckit" "^0.4.0"
    "combined-stream" "^1.0.8"
    "mime-types" "^2.1.12"

"fs-minipass@^2.0.0":
  "integrity" "sha512-V/JgOLFCS+R6Vcq0slCuaeWEdNC3ouDlJMNIsacH2VtALiu9mV4LPrHc5cDl8k5aw6J8jwgWWpiTo5RYhmIzvg=="
  "resolved" "https://registry.npmjs.org/fs-minipass/-/fs-minipass-2.1.0.tgz"
  "version" "2.1.0"
  dependencies:
    "minipass" "^3.0.0"

"fs.realpath@^1.0.0":
  "integrity" "sha1-FQStJSMVjKpA20onh8sBQRmU6k8="
  "resolved" "https://registry.npmjs.org/fs.realpath/-/fs.realpath-1.0.0.tgz"
  "version" "1.0.0"

"ftp-response-parser@^1.0.1":
  "integrity" "sha1-O50z+O3V+45HALj3eMRi5bFYH4k="
  "resolved" "https://registry.npmjs.org/ftp-response-parser/-/ftp-response-parser-1.0.1.tgz"
  "version" "1.0.1"
  dependencies:
    "readable-stream" "^1.0.31"

"gauge@^3.0.0":
  "integrity" "sha512-+5J6MS/5XksCuXq++uFRsnUd7Ovu1XenbeuIuNRJxYWjgQbPuFhT14lAvsWfqfAmnwluf1OwMjz39HjfLPci0Q=="
  "resolved" "https://registry.npmjs.org/gauge/-/gauge-3.0.2.tgz"
  "version" "3.0.2"
  dependencies:
    "aproba" "^1.0.3 || ^2.0.0"
    "color-support" "^1.1.2"
    "console-control-strings" "^1.0.0"
    "has-unicode" "^2.0.1"
    "object-assign" "^4.1.1"
    "signal-exit" "^3.0.0"
    "string-width" "^4.2.3"
    "strip-ansi" "^6.0.1"
    "wide-align" "^1.1.2"

"glob@^7.1.3":
  "integrity" "sha512-nFR0zLpU2YCaRxwoCJvL6UvCH2JFyFVIvwTLsIf21AuHlMskA1hhTdk+LlYJtOlYt9v6dvszD2BGRqBL+iQK9Q=="
  "resolved" "https://registry.npmjs.org/glob/-/glob-7.2.3.tgz"
  "version" "7.2.3"
  dependencies:
    "fs.realpath" "^1.0.0"
    "inflight" "^1.0.4"
    "inherits" "2"
    "minimatch" "^3.1.1"
    "once" "^1.3.0"
    "path-is-absolute" "^1.0.0"

"glob@>= 3.1.4":
  "integrity" "sha512-ull455NHSHI/Y1FqGaaYFaLGkNMMJbavMrEGFXG/PGrg6y7sutWHUHrz6gy6WEBH6akM1M414dWKCNs+IhKdiQ=="
  "resolved" "https://registry.npmjs.org/glob/-/glob-8.0.3.tgz"
  "version" "8.0.3"
  dependencies:
    "fs.realpath" "^1.0.0"
    "inflight" "^1.0.4"
    "inherits" "2"
    "minimatch" "^5.0.1"
    "once" "^1.3.0"

"has-unicode@^2.0.1":
  "integrity" "sha1-4Ob+aijPUROIVeCG0Wkedx3iqLk="
  "resolved" "https://registry.npmjs.org/has-unicode/-/has-unicode-2.0.1.tgz"
  "version" "2.0.1"

"https-proxy-agent@^5.0.0":
  "integrity" "sha512-dFcAjpTQFgoLMzC2VwU+C/CbS7uRL0lWmxDITmqm7C+7F0Odmj6s9l6alZc6AELXhrnggM2CeWSXHGOdX2YtwA=="
  "resolved" "https://registry.npmjs.org/https-proxy-agent/-/https-proxy-agent-5.0.1.tgz"
  "version" "5.0.1"
  dependencies:
    "agent-base" "6"
    "debug" "4"

"iconv-lite@0.4":
  "integrity" "sha512-v3MXnZAcvnywkTUEZomIActle7RXXeedOR31wwl7VlyoXO4Qi9arvSenNQWne1TcRwhCL1HwLI21bEqdpj8/rA=="
  "resolved" "https://registry.npmjs.org/iconv-lite/-/iconv-lite-0.4.24.tgz"
  "version" "0.4.24"
  dependencies:
    "safer-buffer" ">= 2.1.2 < 3"

"inflight@^1.0.4":
  "integrity" "sha1-Sb1jMdfQLQwJvJEKEHW6gWW1bfk="
  "resolved" "https://registry.npmjs.org/inflight/-/inflight-1.0.6.tgz"
  "version" "1.0.6"
  dependencies:
    "once" "^1.3.0"
    "wrappy" "1"

"inherits@^2.0.3", "inherits@~2.0.1", "inherits@2":
  "integrity" "sha512-k/vGaX4/Yla3WzyMCvTQOXYeIHvqOKtnqBduzTHpzpQZzAskKMhZ2K+EnBiSM9zGSoIFeMpXKxa4dYeZIQqewQ=="
  "resolved" "https://registry.npmjs.org/inherits/-/inherits-2.0.4.tgz"
  "version" "2.0.4"

"is-arrayish@^0.3.1":
  "integrity" "sha512-eVRqCvVlZbuw3GrM63ovNSNAeA1K16kaR/LRY/92w0zxQ5/1YzwblUX652i4Xs9RwAGjW9d9y6X88t8OaAJfWQ=="
  "resolved" "https://registry.npmjs.org/is-arrayish/-/is-arrayish-0.3.2.tgz"
  "version" "0.3.2"

"is-fullwidth-code-point@^3.0.0":
  "integrity" "sha512-zymm5+u+sCsSWyD9qNaejV3DFvhCKclKdizYaJUuHA83RLjb7nSuGnddCHGv0hk+KY7BMAlsWeK4Ueg6EV6XQg=="
  "resolved" "https://registry.npmjs.org/is-fullwidth-code-point/-/is-fullwidth-code-point-3.0.0.tgz"
  "version" "3.0.0"

"isarray@0.0.1":
  "integrity" "sha1-ihis/Kmo9Bd+Cav8YDiTmwXR7t8="
  "resolved" "https://registry.npmjs.org/isarray/-/isarray-0.0.1.tgz"
  "version" "0.0.1"

"jsftp@2.1.3":
  "integrity" "sha512-r79EVB8jaNAZbq8hvanL8e8JGu2ZNr2bXdHC4ZdQhRImpSPpnWwm5DYVzQ5QxJmtGtKhNNuvqGgbNaFl604fEQ=="
  "resolved" "https://registry.npmjs.org/jsftp/-/jsftp-2.1.3.tgz"
  "version" "2.1.3"
  dependencies:
    "debug" "^3.1.0"
    "ftp-response-parser" "^1.0.1"
    "once" "^1.4.0"
    "parse-listing" "^1.1.3"
    "stream-combiner" "^0.2.2"
    "unorm" "^1.4.1"

"json2csv@^4.5.4":
  "integrity" "sha512-YxBhY4Lmn8IvVZ36nqg5omxneLy9JlorkqW1j/EDCeqvmi+CQ4uM+wsvXlcIqvGDewIPXMC/O/oF8DX9EH5aoA=="
  "resolved" "https://registry.npmjs.org/json2csv/-/json2csv-4.5.4.tgz"
  "version" "4.5.4"
  dependencies:
    "commander" "^2.15.1"
    "jsonparse" "^1.3.1"
    "lodash.get" "^4.4.2"

"jsonparse@^1.3.1":
  "integrity" "sha1-P02uSpH6wxX3EGL4UhzCOfE2YoA="
  "resolved" "https://registry.npmjs.org/jsonparse/-/jsonparse-1.3.1.tgz"
  "version" "1.3.1"

"lodash.get@^4.4.2":
  "integrity" "sha1-LRd/ZS+jHpObRDjVNBSZ36OCXpk="
  "resolved" "https://registry.npmjs.org/lodash.get/-/lodash.get-4.4.2.tgz"
  "version" "4.4.2"

"lodash@^4.17.14":
  "integrity" "sha512-v2kDEe57lecTulaDIuNTPy3Ry4gLGJ6Z1O3vE1krgXZNrsQ+LFTGHVxVjcXPs17LhbZVGedAJv8XZ1tvj5FvSg=="
  "resolved" "https://registry.npmjs.org/lodash/-/lodash-4.17.21.tgz"
  "version" "4.17.21"

"lru-cache@^6.0.0":
  "integrity" "sha512-Jo6dJ04CmSjuznwJSS3pUeWmd/H0ffTlkXXgwZi+eq1UCmqQwCh+eLsYOYCwY991i2Fah4h1BEMCx4qThGbsiA=="
  "resolved" "https://registry.npmjs.org/lru-cache/-/lru-cache-6.0.0.tgz"
  "version" "6.0.0"
  dependencies:
    "yallist" "^4.0.0"

"make-dir@^3.1.0":
  "integrity" "sha512-g3FeP20LNwhALb/6Cz6Dd4F2ngze0jz7tbzrD2wAV+o9FeNHe4rL+yK2md0J/fiSf1sa1ADhXqi5+oVwOM/eGw=="
  "resolved" "https://registry.npmjs.org/make-dir/-/make-dir-3.1.0.tgz"
  "version" "3.1.0"
  dependencies:
    "semver" "^6.0.0"

"make-error@^1.1.1":
  "integrity" "sha512-s8UhlNe7vPKomQhC1qFelMokr/Sc3AgNbso3n74mVPA5LTZwkB9NlXf4XPamLxJE8h0gh73rM94xvwRT2CVInw=="
  "resolved" "https://registry.npmjs.org/make-error/-/make-error-1.3.6.tgz"
  "version" "1.3.6"

"maplex@*":
  "integrity" "sha512-QoL30g3Il3rBULncqwRHUVQtzyKU9o5i3qqfZCiE5prRurnKAXTZp0r4zYCECqo7gQDmGg8MKVuYJmVLtAIuVQ=="
  "resolved" "https://registry.npmjs.org/maplex/-/maplex-0.0.2.tgz"
  "version" "0.0.2"
  dependencies:
    "async" "^2.6.2"

"mime-db@1.52.0":
  "integrity" "sha512-sPU4uV7dYlvtWJxwwxHD0PuihVNiE7TyAbQ5SWxDCB9mUYvOgroQOwYQQOKPJ8CIbE+1ETVlOoK1UC2nU3gYvg=="
  "resolved" "https://registry.npmjs.org/mime-db/-/mime-db-1.52.0.tgz"
  "version" "1.52.0"

"mime-types@^2.1.12":
  "integrity" "sha512-ZDY+bPm5zTTF+YpCrAU9nK0UgICYPT0QtT1NZWFv4s++TNkcgVaT0g6+4R2uI4MjQjzysHB1zxuWL50hzaeXiw=="
  "resolved" "https://registry.npmjs.org/mime-types/-/mime-types-2.1.35.tgz"
  "version" "2.1.35"
  dependencies:
    "mime-db" "1.52.0"

"mimic-response@^2.0.0":
  "integrity" "sha512-wXqjST+SLt7R009ySCglWBCFpjUygmCIfD790/kVbiGmUgfYGuB14PiTd5DwVxSV4NcYHjzMkoj5LjQZwTQLEA=="
  "resolved" "https://registry.npmjs.org/mimic-response/-/mimic-response-2.1.0.tgz"
  "version" "2.1.0"

"minimatch@^3.1.1":
  "integrity" "sha512-J7p63hRiAjw1NDEww1W7i37+ByIrOWO5XQQAzZ3VOcL0PNybwpfmV/N05zFAzwQ9USyEcX6t3UO+K5aqBQOIHw=="
  "resolved" "https://registry.npmjs.org/minimatch/-/minimatch-3.1.2.tgz"
  "version" "3.1.2"
  dependencies:
    "brace-expansion" "^1.1.7"

"minimatch@^5.0.1":
  "integrity" "sha512-9TPBGGak4nHfGZsPBohm9AWg6NoT7QTCehS3BIJABslyZbzxfV78QM2Y6+i741OPZIafFAaiiEMh5OyIrJPgtg=="
  "resolved" "https://registry.npmjs.org/minimatch/-/minimatch-5.1.0.tgz"
  "version" "5.1.0"
  dependencies:
    "brace-expansion" "^2.0.1"

"minipass@^3.0.0":
  "integrity" "sha512-rty5kpw9/z8SX9dmxblFA6edItUmwJgMeYDZRrwlIVN27i8gysGbznJwUggw2V/FVqFSDdWy040ZPS811DYAqQ=="
  "resolved" "https://registry.npmjs.org/minipass/-/minipass-3.1.6.tgz"
  "version" "3.1.6"
  dependencies:
    "yallist" "^4.0.0"

"minizlib@^2.1.1":
  "integrity" "sha512-bAxsR8BVfj60DWXHE3u30oHzfl4G7khkSuPW+qvpd7jFRHm7dLxOjUk1EHACJ/hxLY8phGJ0YhYHZo7jil7Qdg=="
  "resolved" "https://registry.npmjs.org/minizlib/-/minizlib-2.1.2.tgz"
  "version" "2.1.2"
  dependencies:
    "minipass" "^3.0.0"
    "yallist" "^4.0.0"

"mkdirp@^1.0.3":
  "integrity" "sha512-vVqVZQyf3WLx2Shd0qJ9xuvqgAyKPLAiqITEtqW0oIUjzo3PePDd6fW9iFz30ef7Ysp/oiWqbhszeGWW2T6Gzw=="
  "resolved" "https://registry.npmjs.org/mkdirp/-/mkdirp-1.0.4.tgz"
  "version" "1.0.4"

"ms@^2.1.1", "ms@2.1.2":
  "integrity" "sha512-sGkPx+VjMtmA6MX27oA4FBFELFCZZ4S4XqeGOXCv68tT+jb3vk/RyaKWP0PTKyWtmLSM0b+adUTEvbs1PEaH2w=="
  "resolved" "https://registry.npmjs.org/ms/-/ms-2.1.2.tgz"
  "version" "2.1.2"

"nan@^2.15.0":
  "integrity" "sha512-UdAqHyFngu7TfQKsCBgAA6pWDkT8MAO7d0jyOecVhN5354xbLqdn8mV9Tat9gepAupm0bt2DbeaSC8vS52MuFA=="
  "resolved" "https://registry.npmjs.org/nan/-/nan-2.16.0.tgz"
  "version" "2.16.0"

"node-fetch@^2.6.1", "node-fetch@^2.6.7":
  "integrity" "sha512-ZjMPFEfVx5j+y2yF35Kzx5sF7kDzxuDj6ziH4FFbOp87zKDZNx8yExJIb05OGF4Nlt9IHFIMBkRl41VdvcNdbQ=="
  "resolved" "https://registry.npmjs.org/node-fetch/-/node-fetch-2.6.7.tgz"
  "version" "2.6.7"
  dependencies:
    "whatwg-url" "^5.0.0"

"nopt@^5.0.0":
  "integrity" "sha512-Tbj67rffqceeLpcRXrT7vKAN8CwfPeIBgM7E6iBkmKLV7bEMwpGgYLGv0jACUsECaa/vuxP0IjEont6umdMgtQ=="
  "resolved" "https://registry.npmjs.org/nopt/-/nopt-5.0.0.tgz"
  "version" "5.0.0"
  dependencies:
    "abbrev" "1"

"npmlog@^5.0.1":
  "integrity" "sha512-AqZtDUWOMKs1G/8lwylVjrdYgqA4d9nu8hc+0gzRxlDb1I10+FHBGMXs6aiQHFdCUUlqH99MUMuLfzWDNDtfxw=="
  "resolved" "https://registry.npmjs.org/npmlog/-/npmlog-5.0.1.tgz"
  "version" "5.0.1"
  dependencies:
    "are-we-there-yet" "^2.0.0"
    "console-control-strings" "^1.1.0"
    "gauge" "^3.0.0"
    "set-blocking" "^2.0.0"

"object-assign@^4.1.1":
  "integrity" "sha1-IQmtx5ZYh8/AXLvUQsrIv7s2CGM="
  "resolved" "https://registry.npmjs.org/object-assign/-/object-assign-4.1.1.tgz"
  "version" "4.1.1"

"once@^1.3.0", "once@^1.3.1", "once@^1.4.0":
  "integrity" "sha1-WDsap3WWHUsROsF9nFC6753Xa9E="
  "resolved" "https://registry.npmjs.org/once/-/once-1.4.0.tgz"
  "version" "1.4.0"
  dependencies:
    "wrappy" "1"

"parse-listing@^1.1.3":
  "integrity" "sha1-qlRvV/3BKc+/mUXNS3V7FLBhgt0="
  "resolved" "https://registry.npmjs.org/parse-listing/-/parse-listing-1.1.3.tgz"
  "version" "1.1.3"

"path-is-absolute@^1.0.0":
  "integrity" "sha1-F0uSaHNVNP+8es5r9TpanhtcX18="
  "resolved" "https://registry.npmjs.org/path-is-absolute/-/path-is-absolute-1.0.1.tgz"
  "version" "1.0.1"

"readable-stream@^1.0.31":
  "integrity" "sha1-fPTFTvZI44EwhMY23SB54WbAgdk="
  "resolved" "https://registry.npmjs.org/readable-stream/-/readable-stream-1.1.14.tgz"
  "version" "1.1.14"
  dependencies:
    "core-util-is" "~1.0.0"
    "inherits" "~2.0.1"
    "isarray" "0.0.1"
    "string_decoder" "~0.10.x"

"readable-stream@^3.6.0":
  "integrity" "sha512-BViHy7LKeTz4oNnkcLJ+lVSL6vpiFeX6/d3oSH8zCW7UxP2onchk+vTGB143xuFjHS3deTgkKoXXymXqymiIdA=="
  "resolved" "https://registry.npmjs.org/readable-stream/-/readable-stream-3.6.0.tgz"
  "version" "3.6.0"
  dependencies:
    "inherits" "^2.0.3"
    "string_decoder" "^1.1.1"
    "util-deprecate" "^1.0.1"

"rimraf@^3.0.2":
  "integrity" "sha512-JZkJMZkAGFFPP2YqXZXPbMlMBgsxzE8ILs4lMIX/2o0L9UBw9O/Y3o6wFw/i9YLapcUJWwqbi3kdxIPdC62TIA=="
  "resolved" "https://registry.npmjs.org/rimraf/-/rimraf-3.0.2.tgz"
  "version" "3.0.2"
  dependencies:
    "glob" "^7.1.3"

"rw@1":
  "integrity" "sha1-P4Yt+pGrdmsUiF700BEkv9oHT7Q="
  "resolved" "https://registry.npmjs.org/rw/-/rw-1.3.3.tgz"
  "version" "1.3.3"

"safe-buffer@~5.2.0":
  "integrity" "sha512-rp3So07KcdmmKbGvgaNxQSJr7bGVSVk5S9Eq1F+ppbRo70+YeaDxkw5Dd8NPN+GD6bjnYm2VuPuCXmpuYvmCXQ=="
  "resolved" "https://registry.npmjs.org/safe-buffer/-/safe-buffer-5.2.1.tgz"
  "version" "5.2.1"

"safer-buffer@>= 2.1.2 < 3":
  "integrity" "sha512-YZo3K82SD7Riyi0E1EQPojLz7kpepnSQI9IyPbHHg1XXXevb5dJI7tpyN2ADxGcQbHG7vcyRHk0cbwqcQriUtg=="
  "resolved" "https://registry.npmjs.org/safer-buffer/-/safer-buffer-2.1.2.tgz"
  "version" "2.1.2"

"semver@^6.0.0":
  "integrity" "sha512-b39TBaTSfV6yBrapU89p5fKekE2m/NwnDocOVruQFS1/veMgdzuPcnOM34M6CwxW8jH/lxEa5rBoDeUwu5HHTw=="
  "resolved" "https://registry.npmjs.org/semver/-/semver-6.3.0.tgz"
  "version" "6.3.0"

"semver@^7.3.5":
  "integrity" "sha512-QlYTucUYOews+WeEujDoEGziz4K6c47V/Bd+LjSSYcA94p+DmINdf7ncaUinThfvZyu13lN9OY1XDxt8C0Tw0g=="
  "resolved" "https://registry.npmjs.org/semver/-/semver-7.3.7.tgz"
  "version" "7.3.7"
  dependencies:
    "lru-cache" "^6.0.0"

"set-blocking@^2.0.0":
  "integrity" "sha1-BF+XgtARrppoA93TgrJDkrPYkPc="
  "resolved" "https://registry.npmjs.org/set-blocking/-/set-blocking-2.0.0.tgz"
  "version" "2.0.0"

"sift@*":
  "integrity" "sha512-ILTjdP2Mv9V1kIxWMXeMTIRbOBrqKc4JAXmFMnFq3fKeyQ2Qwa3Dw1ubcye3vR+Y6ofA0b9gNDr/y2t6eUeIzQ=="
  "resolved" "https://registry.npmjs.org/sift/-/sift-16.0.0.tgz"
  "version" "16.0.0"

"signal-exit@^3.0.0":
  "integrity" "sha512-wnD2ZE+l+SPC/uoS0vXeE9L1+0wuaMqKlfz9AMUo38JsyLSBWSFcHR1Rri62LZc12vLr1gb3jl7iwQhgwpAbGQ=="
  "resolved" "https://registry.npmjs.org/signal-exit/-/signal-exit-3.0.7.tgz"
  "version" "3.0.7"

"simple-concat@^1.0.0":
  "integrity" "sha512-cSFtAPtRhljv69IK0hTVZQ+OfE9nePi/rtJmw5UjHeVyVroEqJXP1sFztKUy1qU+xvz3u/sfYJLa947b7nAN2Q=="
  "resolved" "https://registry.npmjs.org/simple-concat/-/simple-concat-1.0.1.tgz"
  "version" "1.0.1"

"simple-get@^3.0.3":
  "integrity" "sha512-CQ5LTKGfCpvE1K0n2us+kuMPbk/q0EKl82s4aheV9oXjFEz6W/Y7oQFVJuU6QG77hRT4Ghb5RURteF5vnWjupA=="
  "resolved" "https://registry.npmjs.org/simple-get/-/simple-get-3.1.1.tgz"
  "version" "3.1.1"
  dependencies:
    "decompress-response" "^4.2.0"
    "once" "^1.3.1"
    "simple-concat" "^1.0.0"

"simple-swizzle@^0.2.2":
  "integrity" "sha1-pNprY1/8zMoz9w0Xy5JZLeleVXo="
  "resolved" "https://registry.npmjs.org/simple-swizzle/-/simple-swizzle-0.2.2.tgz"
  "version" "0.2.2"
  dependencies:
    "is-arrayish" "^0.3.1"

"strangler@^1.1.2":
  "integrity" "sha512-GhNHQ86MW2vXV+NghwDTnApZPRxC7Va9kAbnQ0S/kNQdoTYQmwdMW+PsSSA3EocQXd9DU6ONY04nLKXLBQqNfQ=="
  "resolved" "https://registry.npmjs.org/strangler/-/strangler-1.1.2.tgz"
  "version" "1.1.2"
  dependencies:
    "extended-emitter" "^1.0.2"
    "string-tools" "^1.0.0"

"stream-combiner@^0.2.2":
  "integrity" "sha1-rsjLrBd7Vrb0+kec7YwZEs7lKFg="
  "resolved" "https://registry.npmjs.org/stream-combiner/-/stream-combiner-0.2.2.tgz"
  "version" "0.2.2"
  dependencies:
    "duplexer" "~0.1.1"
    "through" "~2.3.4"

"string_decoder@^1.1.1":
  "integrity" "sha512-hkRX8U1WjJFd8LsDJ2yQ/wWWxaopEsABU1XfkM8A+j0+85JAGppt16cr1Whg6KIbb4okU6Mql6BOj+uup/wKeA=="
  "resolved" "https://registry.npmjs.org/string_decoder/-/string_decoder-1.3.0.tgz"
  "version" "1.3.0"
  dependencies:
    "safe-buffer" "~5.2.0"

"string_decoder@~0.10.x":
  "integrity" "sha1-YuIDvEF2bGwoyfyEMB2rHFMQ+pQ="
  "resolved" "https://registry.npmjs.org/string_decoder/-/string_decoder-0.10.31.tgz"
  "version" "0.10.31"

"string-tools@^1.0.0":
  "integrity" "sha1-xpqdV4iFiZfaZvHZI7pxE+pGa1o="
  "resolved" "https://registry.npmjs.org/string-tools/-/string-tools-1.0.0.tgz"
  "version" "1.0.0"

"string-width@^1.0.2 || 2 || 3 || 4", "string-width@^4.2.3":
  "integrity" "sha512-wKyQRQpjJ0sIp62ErSZdGsjMJWsap5oRNihHhu6G7JVO/9jIB6UyevL+tXuOqrng8j/cxKTWyWUwvSTriiZz/g=="
  "resolved" "https://registry.npmjs.org/string-width/-/string-width-4.2.3.tgz"
  "version" "4.2.3"
  dependencies:
    "emoji-regex" "^8.0.0"
    "is-fullwidth-code-point" "^3.0.0"
    "strip-ansi" "^6.0.1"

"strip-ansi@^6.0.1":
  "integrity" "sha512-Y38VPSHcqkFrCpFnQ9vuSXmquuv5oXOKpGeT6aGrr3o3Gc9AlVa6JBfUSOCnbxGGZF+/0ooI7KrPuUSztUdU5A=="
  "resolved" "https://registry.npmjs.org/strip-ansi/-/strip-ansi-6.0.1.tgz"
  "version" "6.0.1"
  dependencies:
    "ansi-regex" "^5.0.1"

"tar@^6.1.11":
  "integrity" "sha512-an/KZQzQUkZCkuoAA64hM92X0Urb6VpRhAFllDzz44U2mcD5scmT3zBc4VgVpkugF580+DQn8eAFSyoQt0tznA=="
  "resolved" "https://registry.npmjs.org/tar/-/tar-6.1.11.tgz"
  "version" "6.1.11"
  dependencies:
    "chownr" "^2.0.0"
    "fs-minipass" "^2.0.0"
    "minipass" "^3.0.0"
    "minizlib" "^2.1.1"
    "mkdirp" "^1.0.3"
    "yallist" "^4.0.0"

"through@~2.3.4":
  "integrity" "sha1-DdTJ/6q8NXlgsbckEV1+Doai4fU="
  "resolved" "https://registry.npmjs.org/through/-/through-2.3.8.tgz"
  "version" "2.3.8"

"tr46@~0.0.3":
  "integrity" "sha1-gYT9NH2snNwYWZLzpmIuFLnZq2o="
  "resolved" "https://registry.npmjs.org/tr46/-/tr46-0.0.3.tgz"
  "version" "0.0.3"

"ts-mixer@^6.0.1":
  "integrity" "sha512-hvE+ZYXuINrx6Ei6D6hz+PTim0Uf++dYbK9FFifLNwQj+RwKquhQpn868yZsCtJYiclZF1u8l6WZxxKi+vv7Rg=="
  "resolved" "https://registry.npmjs.org/ts-mixer/-/ts-mixer-6.0.1.tgz"
  "version" "6.0.1"

"ts-node@^10.8.0":
  "integrity" "sha512-/fNd5Qh+zTt8Vt1KbYZjRHCE9sI5i7nqfD/dzBBRDeVXZXS6kToW6R7tTU6Nd4XavFs0mAVCg29Q//ML7WsZYA=="
  "resolved" "https://registry.npmjs.org/ts-node/-/ts-node-10.8.0.tgz"
  "version" "10.8.0"
  dependencies:
    "@cspotcode/source-map-support" "^0.8.0"
    "@tsconfig/node10" "^1.0.7"
    "@tsconfig/node12" "^1.0.7"
    "@tsconfig/node14" "^1.0.0"
    "@tsconfig/node16" "^1.0.2"
    "acorn" "^8.4.1"
    "acorn-walk" "^8.1.1"
    "arg" "^4.1.0"
    "create-require" "^1.1.0"
    "diff" "^4.0.1"
    "make-error" "^1.1.1"
    "v8-compile-cache-lib" "^3.0.1"
    "yn" "3.1.1"

"tslib@^2.3.1":
  "integrity" "sha512-d6xOpEDfsi2CZVlPQzGeux8XMwLT9hssAsaPYExaQMuYskwb+x1x7J371tWlbBdWHroy99KnVB6qIkUbs5X3UQ=="
  "resolved" "https://registry.npmjs.org/tslib/-/tslib-2.4.0.tgz"
  "version" "2.4.0"

"typescript@^4.7.2", "typescript@>=2.7":
  "integrity" "sha512-Mamb1iX2FDUpcTRzltPxgWMKy3fhg0TN378ylbktPGPK/99KbDtMQ4W1hwgsbPAsG3a0xKa1vmw4VKZQbkvz5A=="
  "resolved" "https://registry.npmjs.org/typescript/-/typescript-4.7.2.tgz"
  "version" "4.7.2"

"unorm@^1.4.1":
  "integrity" "sha512-b2/KCUlYZUeA7JFUuRJZPUtr4gZvBh7tavtv4fvk4+KV9pfGiR6CQAQAWl49ZpR3ts2dk4FYkP7EIgDJoiOLDA=="
  "resolved" "https://registry.npmjs.org/unorm/-/unorm-1.6.0.tgz"
  "version" "1.6.0"

"util-deprecate@^1.0.1":
  "integrity" "sha1-RQ1Nyfpw3nMnYvvS1KKJgUGaDM8="
  "resolved" "https://registry.npmjs.org/util-deprecate/-/util-deprecate-1.0.2.tgz"
  "version" "1.0.2"

"v8-compile-cache-lib@^3.0.1":
  "integrity" "sha512-wa7YjyUGfNZngI/vtK0UHAN+lgDCxBPCylVXGp0zu59Fz5aiGtNXaq3DhIov063MorB+VfufLh3JlF2KdTK3xg=="
  "resolved" "https://registry.npmjs.org/v8-compile-cache-lib/-/v8-compile-cache-lib-3.0.1.tgz"
  "version" "3.0.1"

"webidl-conversions@^3.0.0":
  "integrity" "sha1-JFNCdeKnvGvnvIZhHMFq4KVlSHE="
  "resolved" "https://registry.npmjs.org/webidl-conversions/-/webidl-conversions-3.0.1.tgz"
  "version" "3.0.1"

"whatwg-url@^5.0.0":
  "integrity" "sha1-lmRU6HZUYuN2RNNib2dCzotwll0="
  "resolved" "https://registry.npmjs.org/whatwg-url/-/whatwg-url-5.0.0.tgz"
  "version" "5.0.0"
  dependencies:
    "tr46" "~0.0.3"
    "webidl-conversions" "^3.0.0"

"wide-align@^1.1.2":
  "integrity" "sha512-eDMORYaPNZ4sQIuuYPDHdQvf4gyCF9rEEV/yPxGfwPkRodwEgiMUUXTx/dex+Me0wxx53S+NgUHaP7y3MGlDmg=="
  "resolved" "https://registry.npmjs.org/wide-align/-/wide-align-1.1.5.tgz"
  "version" "1.1.5"
  dependencies:
    "string-width" "^1.0.2 || 2 || 3 || 4"

"wolfy87-eventemitter@*":
  "integrity" "sha512-P+6vtWyuDw+MB01X7UeF8TaHBvbCovf4HPEMF/SV7BdDc1SMTiBy13SRD71lQh4ExFTG1d/WNzDGDCyOKSMblw=="
  "resolved" "https://registry.npmjs.org/wolfy87-eventemitter/-/wolfy87-eventemitter-5.2.9.tgz"
  "version" "5.2.9"

"wrappy@1":
  "integrity" "sha1-tSQ9jz7BqjXxNkYFvA0QNuMKtp8="
  "resolved" "https://registry.npmjs.org/wrappy/-/wrappy-1.0.2.tgz"
  "version" "1.0.2"

"ws@^8.6.0":
  "integrity" "sha512-c2gsP0PRwcLFzUiA8Mkr37/MI7ilIlHQxaEAtd0uNMbVMoy8puJyafRlm0bV9MbGSabUPeLrRRaqIBcFcA2Pqg=="
  "resolved" "https://registry.npmjs.org/ws/-/ws-8.7.0.tgz"
  "version" "8.7.0"

"yallist@^4.0.0":
  "integrity" "sha512-3wdGidZyq5PB084XLES5TpOSRA3wjXAlIWMhum2kRcv/41Sn2emQ0dycQW4uZXLejwKvg6EsvbdlVL+FYEct7A=="
  "resolved" "https://registry.npmjs.org/yallist/-/yallist-4.0.0.tgz"
  "version" "4.0.0"

"yn@3.1.1":
  "integrity" "sha512-Ux4ygGWsu2c7isFWe8Yu1YluJmqVhxqK2cLXNQA5AcC3QfbGNpM7fu0Y8b/z16pXLnFxZYvWhd3fhBY9DLmC6Q=="
  "resolved" "https://registry.npmjs.org/yn/-/yn-3.1.1.tgz"
  "version" "3.1.1"
